// !$*UTF8*$!
{
	archiveVersion = 1;
	classes = {
	};
	objectVersion = 46;
	objects = {

/* Begin PBXBuildFile section */
		59503E091D2BB95C00085537 /* AppDelegate.swift in Sources */ = {isa = PBXBuildFile; fileRef = 59503E081D2BB95C00085537 /* AppDelegate.swift */; };
		59503E0B1D2BB95D00085537 /* GameScene.sks in Resources */ = {isa = PBXBuildFile; fileRef = 59503E0A1D2BB95D00085537 /* GameScene.sks */; };
		59503E0D1D2BB95D00085537 /* GameScene.swift in Sources */ = {isa = PBXBuildFile; fileRef = 59503E0C1D2BB95D00085537 /* GameScene.swift */; };
		59503E0F1D2BB95D00085537 /* GameViewController.swift in Sources */ = {isa = PBXBuildFile; fileRef = 59503E0E1D2BB95D00085537 /* GameViewController.swift */; };
		59503E121D2BB95D00085537 /* Main.storyboard in Resources */ = {isa = PBXBuildFile; fileRef = 59503E101D2BB95D00085537 /* Main.storyboard */; };
		59503E141D2BB95D00085537 /* Assets.xcassets in Resources */ = {isa = PBXBuildFile; fileRef = 59503E131D2BB95D00085537 /* Assets.xcassets */; };
		59503E171D2BB95D00085537 /* LaunchScreen.storyboard in Resources */ = {isa = PBXBuildFile; fileRef = 59503E151D2BB95D00085537 /* LaunchScreen.storyboard */; };
/* End PBXBuildFile section */

/* Begin PBXFileReference section */
		59503E051D2BB95C00085537 /* Checkvacham.app */ = {isa = PBXFileReference; explicitFileType = wrapper.application; includeInIndex = 0; path = Checkvacham.app; sourceTree = BUILT_PRODUCTS_DIR; };
		59503E081D2BB95C00085537 /* AppDelegate.swift */ = {isa = PBXFileReference; lastKnownFileType = sourcecode.swift; path = AppDelegate.swift; sourceTree = "<group>"; };
		59503E0A1D2BB95D00085537 /* GameScene.sks */ = {isa = PBXFileReference; lastKnownFileType = file.sks; path = GameScene.sks; sourceTree = "<group>"; };
		59503E0C1D2BB95D00085537 /* GameScene.swift */ = {isa = PBXFileReference; lastKnownFileType = sourcecode.swift; path = GameScene.swift; sourceTree = "<group>"; };
		59503E0E1D2BB95D00085537 /* GameViewController.swift */ = {isa = PBXFileReference; lastKnownFileType = sourcecode.swift; path = GameViewController.swift; sourceTree = "<group>"; };
		59503E111D2BB95D00085537 /* Base */ = {isa = PBXFileReference; lastKnownFileType = file.storyboard; name = Base; path = Base.lproj/Main.storyboard; sourceTree = "<group>"; };
		59503E131D2BB95D00085537 /* Assets.xcassets */ = {isa = PBXFileReference; lastKnownFileType = folder.assetcatalog; path = Assets.xcassets; sourceTree = "<group>"; };
		59503E161D2BB95D00085537 /* Base */ = {isa = PBXFileReference; lastKnownFileType = file.storyboard; name = Base; path = Base.lproj/LaunchScreen.storyboard; sourceTree = "<group>"; };
		59503E181D2BB95D00085537 /* Info.plist */ = {isa = PBXFileReference; lastKnownFileType = text.plist.xml; path = Info.plist; sourceTree = "<group>"; };
/* End PBXFileReference section */

/* Begin PBXFrameworksBuildPhase section */
		59503E021D2BB95C00085537 /* Frameworks */ = {
			isa = PBXFrameworksBuildPhase;
			buildActionMask = 2147483647;
			files = (
			);
			runOnlyForDeploymentPostprocessing = 0;
		};
/* End PBXFrameworksBuildPhase section */

/* Begin PBXGroup section */
		59503DFC1D2BB95C00085537 = {
			isa = PBXGroup;
			children = (
				59503E071D2BB95C00085537 /* Checkvacham */,
				59503E061D2BB95C00085537 /* Products */,
			);
			sourceTree = "<group>";
		};
		59503E061D2BB95C00085537 /* Products */ = {
			isa = PBXGroup;
			children = (
				59503E051D2BB95C00085537 /* Checkvacham.app */,
			);
			name = Products;
			sourceTree = "<group>";
		};
		59503E071D2BB95C00085537 /* Checkvacham */ = {
			isa = PBXGroup;
			children = (
				59503E081D2BB95C00085537 /* AppDelegate.swift */,
				59503E0A1D2BB95D00085537 /* GameScene.sks */,
				59503E0C1D2BB95D00085537 /* GameScene.swift */,
				59503E0E1D2BB95D00085537 /* GameViewController.swift */,
				59503E101D2BB95D00085537 /* Main.storyboard */,
				59503E131D2BB95D00085537 /* Assets.xcassets */,
				59503E151D2BB95D00085537 /* LaunchScreen.storyboard */,
				59503E181D2BB95D00085537 /* Info.plist */,
			);
			path = Checkvacham;
			sourceTree = "<group>";
		};
/* End PBXGroup section */

/* Begin PBXNativeTarget section */
		59503E041D2BB95C00085537 /* Checkvacham */ = {
			isa = PBXNativeTarget;
			buildConfigurationList = 59503E1B1D2BB95D00085537 /* Build configuration list for PBXNativeTarget "Checkvacham" */;
			buildPhases = (
				59503E011D2BB95C00085537 /* Sources */,
				59503E021D2BB95C00085537 /* Frameworks */,
				59503E031D2BB95C00085537 /* Resources */,
			);
			buildRules = (
			);
			dependencies = (
			);
			name = Checkvacham;
			productName = Checkvacham;
			productReference = 59503E051D2BB95C00085537 /* Checkvacham.app */;
			productType = "com.apple.product-type.application";
		};
/* End PBXNativeTarget section */

/* Begin PBXProject section */
		59503DFD1D2BB95C00085537 /* Project object */ = {
			isa = PBXProject;
			attributes = {
				LastSwiftUpdateCheck = 0720;
				LastUpgradeCheck = 0720;
				ORGANIZATIONNAME = phung;
				TargetAttributes = {
					59503E041D2BB95C00085537 = {
						CreatedOnToolsVersion = 7.2;
						DevelopmentTeam = 49C2554AKL;
					};
				};
			};
			buildConfigurationList = 59503E001D2BB95C00085537 /* Build configuration list for PBXProject "Checkvacham" */;
			compatibilityVersion = "Xcode 3.2";
			developmentRegion = English;
			hasScannedForEncodings = 0;
			knownRegions = (
				en,
				Base,
			);
			mainGroup = 59503DFC1D2BB95C00085537;
			productRefGroup = 59503E061D2BB95C00085537 /* Products */;
			projectDirPath = "";
			projectRoot = "";
			targets = (
				59503E041D2BB95C00085537 /* Checkvacham */,
			);
		};
/* End PBXProject section */

/* Begin PBXResourcesBuildPhase section */
		59503E031D2BB95C00085537 /* Resources */ = {
			isa = PBXResourcesBuildPhase;
			buildActionMask = 2147483647;
			files = (
				59503E0B1D2BB95D00085537 /* GameScene.sks in Resources */,
				59503E171D2BB95D00085537 /* LaunchScreen.storyboard in Resources */,
				59503E141D2BB95D00085537 /* Assets.xcassets in Resources */,
				59503E121D2BB95D00085537 /* Main.storyboard in Resources */,
			);
			runOnlyForDeploymentPostprocessing = 0;
		};
/* End PBXResourcesBuildPhase section */

/* Begin PBXSourcesBuildPhase section */
		59503E011D2BB95C00085537 /* Sources */ = {
			isa = PBXSourcesBuildPhase;
			buildActionMask = 2147483647;
			files = (
				59503E0D1D2BB95D00085537 /* GameScene.swift in Sources */,
				59503E0F1D2BB95D00085537 /* GameViewController.swift in Sources */,
				59503E091D2BB95C00085537 /* AppDelegate.swift in Sources */,
			);
			runOnlyForDeploymentPostprocessing = 0;
		};
/* End PBXSourcesBuildPhase section */

/* Begin PBXVariantGroup section */
		59503E101D2BB95D00085537 /* Main.storyboard */ = {
			isa = PBXVariantGroup;
			children = (
				59503E111D2BB95D00085537 /* Base */,
			);
			name = Main.storyboard;
			sourceTree = "<group>";
		};
		59503E151D2BB95D00085537 /* LaunchScreen.storyboard */ = {
			isa = PBXVariantGroup;
			children = (
				59503E161D2BB95D00085537 /* Base */,
			);
			name = LaunchScreen.storyboard;
			sourceTree = "<group>";
		};
/* End PBXVariantGroup section */

/* Begin XCBuildConfiguration section */
		59503E191D2BB95D00085537 /* Debug */ = {
			isa = XCBuildConfiguration;
			buildSettings = {
				ALWAYS_SEARCH_USER_PATHS = NO;
				CLANG_CXX_LANGUAGE_STANDARD = "gnu++0x";
				CLANG_CXX_LIBRARY = "libc++";
				CLANG_ENABLE_MODULES = YES;
				CLANG_ENABLE_OBJC_ARC = YES;
				CLANG_WARN_BOOL_CONVERSION = YES;
				CLANG_WARN_CONSTANT_CONVERSION = YES;
				CLANG_WARN_DIRECT_OBJC_ISA_USAGE = YES_ERROR;
				CLANG_WARN_EMPTY_BODY = YES;
				CLANG_WARN_ENUM_CONVERSION = YES;
				CLANG_WARN_INT_CONVERSION = YES;
				CLANG_WARN_OBJC_ROOT_CLASS = YES_ERROR;
				CLANG_WARN_UNREACHABLE_CODE = YES;
				CLANG_WARN__DUPLICATE_METHOD_MATCH = YES;
				"CODE_SIGN_IDENTITY[sdk=iphoneos*]" = "iPhone Developer";
				COPY_PHASE_STRIP = NO;
				DEBUG_INFORMATION_FORMAT = "dwarf-with-dsym";
				ENABLE_STRICT_OBJC_MSGSEND = YES;
				ENABLE_TESTABILITY = YES;
				GCC_C_LANGUAGE_STANDARD = gnu99;
				GCC_DYNAMIC_NO_PIC = NO;
				GCC_NO_COMMON_BLOCKS = YES;
				GCC_OPTIMIZATION_LEVEL = 0;
				GCC_PREPROCESSOR_DEFINITIONS = (
					"DEBUG=1",
					"$(inherited)",
				);
				GCC_WARN_64_TO_32_BIT_CONVERSION = YES;
				GCC_WARN_ABOUT_RETURN_TYPE = YES_ERROR;
				GCC_WARN_UNDECLARED_SELECTOR = YES;
				GCC_WARN_UNINITIALIZED_AUTOS = YES_AGGRESSIVE;
				GCC_WARN_UNUSED_FUNCTION = YES;
				GCC_WARN_UNUSED_VARIABLE = YES;
				IPHONEOS_DEPLOYMENT_TARGET = 9.2;
				MTL_ENABLE_DEBUG_INFO = YES;
				ONLY_ACTIVE_ARCH = YES;
				SDKROOT = iphoneos;
				SWIFT_OPTIMIZATION_LEVEL = "-Onone";
				TARGETED_DEVICE_FAMILY = "1,2";
			};
			name = Debug;
		};
		59503E1A1D2BB95D00085537 /* Release */ = {
			isa = XCBuildConfiguration;
			buildSettings = {
				ALWAYS_SEARCH_USER_PATHS = NO;
				CLANG_CXX_LANGUAGE_STANDARD = "gnu++0x";
				CLANG_CXX_LIBRARY = "libc++";
				CLANG_ENABLE_MODULES = YES;
				CLANG_ENABLE_OBJC_ARC = YES;
				CLANG_WARN_BOOL_CONVERSION = YES;
				CLANG_WARN_CONSTANT_CONVERSION = YES;
				CLANG_WARN_DIRECT_OBJC_ISA_USAGE = YES_ERROR;
				CLANG_WARN_EMPTY_BODY = YES;
				CLANG_WARN_ENUM_CONVERSION = YES;
				CLANG_WARN_INT_CONVERSION = YES;
				CLANG_WARN_OBJC_ROOT_CLASS = YES_ERROR;
				CLANG_WARN_UNREACHABLE_CODE = YES;
				CLANG_WARN__DUPLICATE_METHOD_MATCH = YES;
				"CODE_SIGN_IDENTITY[sdk=iphoneos*]" = "iPhone Developer";
				COPY_PHASE_STRIP = NO;
				DEBUG_INFORMATION_FORMAT = "dwarf-with-dsym";
				ENABLE_NS_ASSERTIONS = NO;
				ENABLE_STRICT_OBJC_MSGSEND = YES;
				GCC_C_LANGUAGE_STANDARD = gnu99;
				GCC_NO_COMMON_BLOCKS = YES;
				GCC_WARN_64_TO_32_BIT_CONVERSION = YES;
				GCC_WARN_ABOUT_RETURN_TYPE = YES_ERROR;
				GCC_WARN_UNDECLARED_SELECTOR = YES;
				GCC_WARN_UNINITIALIZED_AUTOS = YES_AGGRESSIVE;
				GCC_WARN_UNUSED_FUNCTION = YES;
				GCC_WARN_UNUSED_VARIABLE = YES;
				IPHONEOS_DEPLOYMENT_TARGET = 9.2;
				MTL_ENABLE_DEBUG_INFO = NO;
				SDKROOT = iphoneos;
				TARGETED_DEVICE_FAMILY = "1,2";
				VALIDATE_PRODUCT = YES;
			};
			name = Release;
		};
		59503E1C1D2BB95D00085537 /* Debug */ = {
			isa = XCBuildConfiguration;
			buildSettings = {
				ASSETCATALOG_COMPILER_APPICON_NAME = AppIcon;
				INFOPLIST_FILE = Checkvacham/Info.plist;
				LD_RUNPATH_SEARCH_PATHS = "$(inherited) @executable_path/Frameworks";
				PRODUCT_BUNDLE_IDENTIFIER = phung.Checkvacham;
				PRODUCT_NAME = "$(TARGET_NAME)";
			};
			name = Debug;
		};
		59503E1D1D2BB95D00085537 /* Release */ = {
			isa = XCBuildConfiguration;
			buildSettings = {
				ASSETCATALOG_COMPILER_APPICON_NAME = AppIcon;
				INFOPLIST_FILE = Checkvacham/Info.plist;
				LD_RUNPATH_SEARCH_PATHS = "$(inherited) @executable_path/Frameworks";
				PRODUCT_BUNDLE_IDENTIFIER = phung.Checkvacham;
				PRODUCT_NAME = "$(TARGET_NAME)";
			};
			name = Release;
		};
/* End XCBuildConfiguration section */

/* Begin XCConfigurationList section */
		59503E001D2BB95C00085537 /* Build configuration list for PBXProject "Checkvacham" */ = {
			isa = XCConfigurationList;
			buildConfigurations = (
				59503E191D2BB95D00085537 /* Debug */,
				59503E1A1D2BB95D00085537 /* Release */,
			);
			defaultConfigurationIsVisible = 0;
			defaultConfigurationName = Release;
		};
		59503E1B1D2BB95D00085537 /* Build configuration list for PBXNativeTarget "Checkvacham" */ = {
			isa = XCConfigurationList;
			buildConfigurations = (
				59503E1C1D2BB95D00085537 /* Debug */,
				59503E1D1D2BB95D00085537 /* Release */,
			);
			defaultConfigurationIsVisible = 0;
		};
/* End XCConfigurationList section */
	};
	rootObject = 59503DFD1D2BB95C00085537 /* Project object */;
}
